{
  "object": {
    "pins": [
      {
        "package": "SwiftArgParse",
        "repositoryURL": "https://github.com/Zehua-Chen/swift-argparse",
        "state": {
          "branch": null,
          "revision": "5089bae7f9546bc6d82ada6d8f591372a61e24ea",
          "version": "1.1.0"
        }
      },
      {
        "package": "SwiftQueue",
        "repositoryURL": "https://github.com/Zehua-Chen/swift-queue.git",
        "state": {
          "branch": null,
          "revision": "73fa754a86eac8f2e7b15265a24f2eb512c3ccff",
          "version": "1.0.0"
        }
      }
    ]
  },
  "version": 1
}
