{
  "object": {
    "pins": [
      {
        "package": "SwiftArgParse",
        "repositoryURL": "https://github.com/Zehua-Chen/swift-argparse",
        "state": {
          "branch": null,
          "revision": "fbcf5a9864816519d9213d7a9d6d7342d0803718",
          "version": "1.0.0"
        }
      },
      {
        "package": "swift-log",
        "repositoryURL": "https://github.com/apple/swift-log.git",
        "state": {
          "branch": null,
          "revision": "f4240bf022a69815241a883c03645444b58ac553",
          "version": "1.1.0"
        }
      },
      {
        "package": "SwiftQueue",
        "repositoryURL": "https://github.com/Zehua-Chen/swift-queue.git",
        "state": {
          "branch": null,
          "revision": "73fa754a86eac8f2e7b15265a24f2eb512c3ccff",
          "version": "1.0.0"
        }
      }
    ]
  },
  "version": 1
}
